
Microsoft Visual Studio Solution File, Format Version 10.00
# Visual Studio 2008
Project("{FAE04EC0-301F-11D3-BF4B-00C04F79EFBC}") = "ReportCardGenerator", "ReportCardGenerator\ReportCardGenerator.csproj", "{88117D18-58BC-4ADD-A858-0A4A15978F1F}"
EndProject
Global
	GlobalSection(SolutionConfigurationPlatforms) = preSolution
		Debug|Any CPU = Debug|Any CPU
		Release|Any CPU = Release|Any CPU
	EndGlobalSection
	GlobalSection(ProjectConfigurationPlatforms) = postSolution
		{88117D18-58BC-4ADD-A858-0A4A15978F1F}.Debug|Any CPU.ActiveCfg = Debug|Any CPU
		{88117D18-58BC-4ADD-A858-0A4A15978F1F}.Debug|Any CPU.Build.0 = Debug|Any CPU
		{88117D18-58BC-4ADD-A858-0A4A15978F1F}.Release|Any CPU.ActiveCfg = Release|Any CPU
		{88117D18-58BC-4ADD-A858-0A4A15978F1F}.Release|Any CPU.Build.0 = Release|Any CPU
	EndGlobalSection
	GlobalSection(SolutionProperties) = preSolution
		HideSolutionNode = FALSE
	EndGlobalSection
EndGlobal
