
Microsoft Visual Studio Solution File, Format Version 9.00
# Visual Studio 2005
Project("{FAE04EC0-301F-11D3-BF4B-00C04F79EFBC}") = "StuffshopPOS", "StuffshopPOS\StuffshopPOS.csproj", "{4FB63BB6-432F-42A9-BAF8-397FCB3A7210}"
EndProject
Global
	GlobalSection(SolutionConfigurationPlatforms) = preSolution
		Debug|Any CPU = Debug|Any CPU
		Release|Any CPU = Release|Any CPU
	EndGlobalSection
	GlobalSection(ProjectConfigurationPlatforms) = postSolution
		{4FB63BB6-432F-42A9-BAF8-397FCB3A7210}.Debug|Any CPU.ActiveCfg = Debug|Any CPU
		{4FB63BB6-432F-42A9-BAF8-397FCB3A7210}.Debug|Any CPU.Build.0 = Debug|Any CPU
		{4FB63BB6-432F-42A9-BAF8-397FCB3A7210}.Release|Any CPU.ActiveCfg = Release|Any CPU
		{4FB63BB6-432F-42A9-BAF8-397FCB3A7210}.Release|Any CPU.Build.0 = Release|Any CPU
	EndGlobalSection
	GlobalSection(SolutionProperties) = preSolution
		HideSolutionNode = FALSE
	EndGlobalSection
EndGlobal
